
Microsoft Visual Studio Solution File, Format Version 12.00
# Visual Studio 15
Project("{FAE04EC0-301F-11D3-BF4B-00C04F79EFBC}") = "coding_test", "coding_test\coding_test.csproj", "{A914C52C-8A8B-48D5-AE66-FBCB099E7C8A}"
EndProject
Global
	GlobalSection(SolutionConfigurationPlatforms) = preSolution
		Debug|Any CPU = Debug|Any CPU
		Release|Any CPU = Release|Any CPU
	EndGlobalSection
	GlobalSection(ProjectConfigurationPlatforms) = postSolution
		{A914C52C-8A8B-48D5-AE66-FBCB099E7C8A}.Debug|Any CPU.ActiveCfg = Debug|Any CPU
		{A914C52C-8A8B-48D5-AE66-FBCB099E7C8A}.Debug|Any CPU.Build.0 = Debug|Any CPU
		{A914C52C-8A8B-48D5-AE66-FBCB099E7C8A}.Release|Any CPU.ActiveCfg = Release|Any CPU
		{A914C52C-8A8B-48D5-AE66-FBCB099E7C8A}.Release|Any CPU.Build.0 = Release|Any CPU
	EndGlobalSection
EndGlobal
